
Microsoft Visual Studio Solution File, Format Version 12.00
# Visual Studio Version 17
VisualStudioVersion = 17.11.35312.102
MinimumVisualStudioVersion = 10.0.40219.1
Project("{FAE04EC0-301F-11D3-BF4B-00C04F79EFBC}") = "CourierManagementSystem", "CourierManagementSystem\CourierManagementSystem.csproj", "{37C9FB73-4057-47C7-B190-E6BF74228B18}"
EndProject
Global
	GlobalSection(SolutionConfigurationPlatforms) = preSolution
		Debug|Any CPU = Debug|Any CPU
		Release|Any CPU = Release|Any CPU
	EndGlobalSection
	GlobalSection(ProjectConfigurationPlatforms) = postSolution
		{37C9FB73-4057-47C7-B190-E6BF74228B18}.Debug|Any CPU.ActiveCfg = Debug|Any CPU
		{37C9FB73-4057-47C7-B190-E6BF74228B18}.Debug|Any CPU.Build.0 = Debug|Any CPU
		{37C9FB73-4057-47C7-B190-E6BF74228B18}.Release|Any CPU.ActiveCfg = Release|Any CPU
		{37C9FB73-4057-47C7-B190-E6BF74228B18}.Release|Any CPU.Build.0 = Release|Any CPU
	EndGlobalSection
	GlobalSection(SolutionProperties) = preSolution
		HideSolutionNode = FALSE
	EndGlobalSection
	GlobalSection(ExtensibilityGlobals) = postSolution
		SolutionGuid = {CF0219A1-AD6F-404A-8B22-8F1E3FF5E84E}
	EndGlobalSection
EndGlobal
